// !$*UTF8*$!
{
	archiveVersion = 1;
	classes = {
	};
	objectVersion = 46;
	objects = {

/* Begin PBXBuildFile section */
		21236CFAC7736B31B8D4BE3F /* Pods_DribbbleShow.framework in Frameworks */ = {isa = PBXBuildFile; fileRef = 43A5E5B80283406E48D5779C /* Pods_DribbbleShow.framework */; };
		672DDDFCF6D87E26874989E5 /* Pods_DribbbleShowTests.framework in Frameworks */ = {isa = PBXBuildFile; fileRef = C96589E4DC23E6E3B047A528 /* Pods_DribbbleShowTests.framework */; };
		6AB176A21D7071F500941778 /* AppDelegate.swift in Sources */ = {isa = PBXBuildFile; fileRef = 6AB176A11D7071F500941778 /* AppDelegate.swift */; };
		6AB176A41D7071F500941778 /* ViewController.swift in Sources */ = {isa = PBXBuildFile; fileRef = 6AB176A31D7071F500941778 /* ViewController.swift */; };
		6AB176A71D7071F500941778 /* Main.storyboard in Resources */ = {isa = PBXBuildFile; fileRef = 6AB176A51D7071F500941778 /* Main.storyboard */; };
		6AB176A91D7071F500941778 /* Assets.xcassets in Resources */ = {isa = PBXBuildFile; fileRef = 6AB176A81D7071F500941778 /* Assets.xcassets */; };
		6AB176AC1D7071F500941778 /* LaunchScreen.storyboard in Resources */ = {isa = PBXBuildFile; fileRef = 6AB176AA1D7071F500941778 /* LaunchScreen.storyboard */; };
		6AB176B71D7071F600941778 /* DribbbleShowTests.swift in Sources */ = {isa = PBXBuildFile; fileRef = 6AB176B61D7071F600941778 /* DribbbleShowTests.swift */; };
		6AB176C21D7072A100941778 /* ShotsCollectionViewController.swift in Sources */ = {isa = PBXBuildFile; fileRef = 6AB176C11D7072A100941778 /* ShotsCollectionViewController.swift */; };
		6AB176C51D70743700941778 /* ShotCollectionViewCell.swift in Sources */ = {isa = PBXBuildFile; fileRef = 6AB176C31D70743700941778 /* ShotCollectionViewCell.swift */; };
		6AB176C61D70743700941778 /* ShotCollectionViewCell.xib in Resources */ = {isa = PBXBuildFile; fileRef = 6AB176C41D70743700941778 /* ShotCollectionViewCell.xib */; };
/* End PBXBuildFile section */

/* Begin PBXContainerItemProxy section */
		6AB176B31D7071F600941778 /* PBXContainerItemProxy */ = {
			isa = PBXContainerItemProxy;
			containerPortal = 6AB176961D7071F500941778 /* Project object */;
			proxyType = 1;
			remoteGlobalIDString = 6AB1769D1D7071F500941778;
			remoteInfo = DribbbleShow;
		};
/* End PBXContainerItemProxy section */

/* Begin PBXFileReference section */
		19FBDAA2F4FCEC35C158994C /* Pods-DribbbleShowTests.release.xcconfig */ = {isa = PBXFileReference; includeInIndex = 1; lastKnownFileType = text.xcconfig; name = "Pods-DribbbleShowTests.release.xcconfig"; path = "Pods/Target Support Files/Pods-DribbbleShowTests/Pods-DribbbleShowTests.release.xcconfig"; sourceTree = "<group>"; };
		2E17CA6B30524D052FDB8203 /* Pods-DribbbleShow.debug.xcconfig */ = {isa = PBXFileReference; includeInIndex = 1; lastKnownFileType = text.xcconfig; name = "Pods-DribbbleShow.debug.xcconfig"; path = "Pods/Target Support Files/Pods-DribbbleShow/Pods-DribbbleShow.debug.xcconfig"; sourceTree = "<group>"; };
		43A5E5B80283406E48D5779C /* Pods_DribbbleShow.framework */ = {isa = PBXFileReference; explicitFileType = wrapper.framework; includeInIndex = 0; path = Pods_DribbbleShow.framework; sourceTree = BUILT_PRODUCTS_DIR; };
		6AB1769E1D7071F500941778 /* DribbbleShow.app */ = {isa = PBXFileReference; explicitFileType = wrapper.application; includeInIndex = 0; path = DribbbleShow.app; sourceTree = BUILT_PRODUCTS_DIR; };
		6AB176A11D7071F500941778 /* AppDelegate.swift */ = {isa = PBXFileReference; lastKnownFileType = sourcecode.swift; path = AppDelegate.swift; sourceTree = "<group>"; };
		6AB176A31D7071F500941778 /* ViewController.swift */ = {isa = PBXFileReference; lastKnownFileType = sourcecode.swift; path = ViewController.swift; sourceTree = "<group>"; };
		6AB176A61D7071F500941778 /* Base */ = {isa = PBXFileReference; lastKnownFileType = file.storyboard; name = Base; path = Base.lproj/Main.storyboard; sourceTree = "<group>"; };
		6AB176A81D7071F500941778 /* Assets.xcassets */ = {isa = PBXFileReference; lastKnownFileType = folder.assetcatalog; path = Assets.xcassets; sourceTree = "<group>"; };
		6AB176AB1D7071F500941778 /* Base */ = {isa = PBXFileReference; lastKnownFileType = file.storyboard; name = Base; path = Base.lproj/LaunchScreen.storyboard; sourceTree = "<group>"; };
		6AB176AD1D7071F500941778 /* Info.plist */ = {isa = PBXFileReference; lastKnownFileType = text.plist.xml; path = Info.plist; sourceTree = "<group>"; };
		6AB176B21D7071F600941778 /* DribbbleShowTests.xctest */ = {isa = PBXFileReference; explicitFileType = wrapper.cfbundle; includeInIndex = 0; path = DribbbleShowTests.xctest; sourceTree = BUILT_PRODUCTS_DIR; };
		6AB176B61D7071F600941778 /* DribbbleShowTests.swift */ = {isa = PBXFileReference; lastKnownFileType = sourcecode.swift; path = DribbbleShowTests.swift; sourceTree = "<group>"; };
		6AB176B81D7071F600941778 /* Info.plist */ = {isa = PBXFileReference; lastKnownFileType = text.plist.xml; path = Info.plist; sourceTree = "<group>"; };
		6AB176C11D7072A100941778 /* ShotsCollectionViewController.swift */ = {isa = PBXFileReference; fileEncoding = 4; lastKnownFileType = sourcecode.swift; path = ShotsCollectionViewController.swift; sourceTree = "<group>"; };
		6AB176C31D70743700941778 /* ShotCollectionViewCell.swift */ = {isa = PBXFileReference; fileEncoding = 4; lastKnownFileType = sourcecode.swift; path = ShotCollectionViewCell.swift; sourceTree = "<group>"; };
		6AB176C41D70743700941778 /* ShotCollectionViewCell.xib */ = {isa = PBXFileReference; fileEncoding = 4; lastKnownFileType = file.xib; path = ShotCollectionViewCell.xib; sourceTree = "<group>"; };
		9FDCB935DB73D82C90EEDC33 /* Pods-DribbbleShowTests.debug.xcconfig */ = {isa = PBXFileReference; includeInIndex = 1; lastKnownFileType = text.xcconfig; name = "Pods-DribbbleShowTests.debug.xcconfig"; path = "Pods/Target Support Files/Pods-DribbbleShowTests/Pods-DribbbleShowTests.debug.xcconfig"; sourceTree = "<group>"; };
		C96589E4DC23E6E3B047A528 /* Pods_DribbbleShowTests.framework */ = {isa = PBXFileReference; explicitFileType = wrapper.framework; includeInIndex = 0; path = Pods_DribbbleShowTests.framework; sourceTree = BUILT_PRODUCTS_DIR; };
		D99A5542D69FA2605A133482 /* Pods-DribbbleShow.release.xcconfig */ = {isa = PBXFileReference; includeInIndex = 1; lastKnownFileType = text.xcconfig; name = "Pods-DribbbleShow.release.xcconfig"; path = "Pods/Target Support Files/Pods-DribbbleShow/Pods-DribbbleShow.release.xcconfig"; sourceTree = "<group>"; };
/* End PBXFileReference section */

/* Begin PBXFrameworksBuildPhase section */
		6AB1769B1D7071F500941778 /* Frameworks */ = {
			isa = PBXFrameworksBuildPhase;
			buildActionMask = 2147483647;
			files = (
				21236CFAC7736B31B8D4BE3F /* Pods_DribbbleShow.framework in Frameworks */,
			);
			runOnlyForDeploymentPostprocessing = 0;
		};
		6AB176AF1D7071F600941778 /* Frameworks */ = {
			isa = PBXFrameworksBuildPhase;
			buildActionMask = 2147483647;
			files = (
				672DDDFCF6D87E26874989E5 /* Pods_DribbbleShowTests.framework in Frameworks */,
			);
			runOnlyForDeploymentPostprocessing = 0;
		};
/* End PBXFrameworksBuildPhase section */

/* Begin PBXGroup section */
		6AB176951D7071F500941778 = {
			isa = PBXGroup;
			children = (
				6AB176A01D7071F500941778 /* DribbbleShow */,
				6AB176B51D7071F600941778 /* DribbbleShowTests */,
				6AB1769F1D7071F500941778 /* Products */,
				80B7468BD50A5E8153C0BFE4 /* Pods */,
				859D009E178C50BDB5E895DF /* Frameworks */,
			);
			sourceTree = "<group>";
		};
		6AB1769F1D7071F500941778 /* Products */ = {
			isa = PBXGroup;
			children = (
				6AB1769E1D7071F500941778 /* DribbbleShow.app */,
				6AB176B21D7071F600941778 /* DribbbleShowTests.xctest */,
			);
			name = Products;
			sourceTree = "<group>";
		};
		6AB176A01D7071F500941778 /* DribbbleShow */ = {
			isa = PBXGroup;
			children = (
				6AB176A11D7071F500941778 /* AppDelegate.swift */,
				6AB176A31D7071F500941778 /* ViewController.swift */,
				6AB176A51D7071F500941778 /* Main.storyboard */,
				6AB176A81D7071F500941778 /* Assets.xcassets */,
				6AB176AA1D7071F500941778 /* LaunchScreen.storyboard */,
				6AB176AD1D7071F500941778 /* Info.plist */,
				6AB176C11D7072A100941778 /* ShotsCollectionViewController.swift */,
				6AB176C31D70743700941778 /* ShotCollectionViewCell.swift */,
				6AB176C41D70743700941778 /* ShotCollectionViewCell.xib */,
			);
			path = DribbbleShow;
			sourceTree = "<group>";
		};
		6AB176B51D7071F600941778 /* DribbbleShowTests */ = {
			isa = PBXGroup;
			children = (
				6AB176B61D7071F600941778 /* DribbbleShowTests.swift */,
				6AB176B81D7071F600941778 /* Info.plist */,
			);
			path = DribbbleShowTests;
			sourceTree = "<group>";
		};
		80B7468BD50A5E8153C0BFE4 /* Pods */ = {
			isa = PBXGroup;
			children = (
				2E17CA6B30524D052FDB8203 /* Pods-DribbbleShow.debug.xcconfig */,
				D99A5542D69FA2605A133482 /* Pods-DribbbleShow.release.xcconfig */,
				9FDCB935DB73D82C90EEDC33 /* Pods-DribbbleShowTests.debug.xcconfig */,
				19FBDAA2F4FCEC35C158994C /* Pods-DribbbleShowTests.release.xcconfig */,
			);
			name = Pods;
			sourceTree = "<group>";
		};
		859D009E178C50BDB5E895DF /* Frameworks */ = {
			isa = PBXGroup;
			children = (
				43A5E5B80283406E48D5779C /* Pods_DribbbleShow.framework */,
				C96589E4DC23E6E3B047A528 /* Pods_DribbbleShowTests.framework */,
			);
			name = Frameworks;
			sourceTree = "<group>";
		};
/* End PBXGroup section */

/* Begin PBXNativeTarget section */
		6AB1769D1D7071F500941778 /* DribbbleShow */ = {
			isa = PBXNativeTarget;
			buildConfigurationList = 6AB176BB1D7071F600941778 /* Build configuration list for PBXNativeTarget "DribbbleShow" */;
			buildPhases = (
				72640E7F68F005972F32C39E /* [CP] Check Pods Manifest.lock */,
				6AB1769A1D7071F500941778 /* Sources */,
				6AB1769B1D7071F500941778 /* Frameworks */,
				6AB1769C1D7071F500941778 /* Resources */,
				EBF77B90F0E1833DC2D6D95B /* [CP] Embed Pods Frameworks */,
				4230129A84A5FC41BDEC1275 /* [CP] Copy Pods Resources */,
			);
			buildRules = (
			);
			dependencies = (
			);
			name = DribbbleShow;
			productName = DribbbleShow;
			productReference = 6AB1769E1D7071F500941778 /* DribbbleShow.app */;
			productType = "com.apple.product-type.application";
		};
		6AB176B11D7071F600941778 /* DribbbleShowTests */ = {
			isa = PBXNativeTarget;
			buildConfigurationList = 6AB176BE1D7071F600941778 /* Build configuration list for PBXNativeTarget "DribbbleShowTests" */;
			buildPhases = (
				1FF47F4FF59B5DE7990CEA07 /* [CP] Check Pods Manifest.lock */,
				6AB176AE1D7071F600941778 /* Sources */,
				6AB176AF1D7071F600941778 /* Frameworks */,
				6AB176B01D7071F600941778 /* Resources */,
				44ACEBF97EB48393FBEDCC02 /* [CP] Embed Pods Frameworks */,
				523A32F1553837A5949BD0ED /* [CP] Copy Pods Resources */,
			);
			buildRules = (
			);
			dependencies = (
				6AB176B41D7071F600941778 /* PBXTargetDependency */,
			);
			name = DribbbleShowTests;
			productName = DribbbleShowTests;
			productReference = 6AB176B21D7071F600941778 /* DribbbleShowTests.xctest */;
			productType = "com.apple.product-type.bundle.unit-test";
		};
/* End PBXNativeTarget section */

/* Begin PBXProject section */
		6AB176961D7071F500941778 /* Project object */ = {
			isa = PBXProject;
			attributes = {
				LastSwiftUpdateCheck = 0730;
				LastUpgradeCheck = 0730;
				ORGANIZATIONNAME = n3tr;
				TargetAttributes = {
					6AB1769D1D7071F500941778 = {
						CreatedOnToolsVersion = 7.3.1;
					};
					6AB176B11D7071F600941778 = {
						CreatedOnToolsVersion = 7.3.1;
						TestTargetID = 6AB1769D1D7071F500941778;
					};
				};
			};
			buildConfigurationList = 6AB176991D7071F500941778 /* Build configuration list for PBXProject "DribbbleShow" */;
			compatibilityVersion = "Xcode 3.2";
			developmentRegion = English;
			hasScannedForEncodings = 0;
			knownRegions = (
				en,
				Base,
			);
			mainGroup = 6AB176951D7071F500941778;
			productRefGroup = 6AB1769F1D7071F500941778 /* Products */;
			projectDirPath = "";
			projectRoot = "";
			targets = (
				6AB1769D1D7071F500941778 /* DribbbleShow */,
				6AB176B11D7071F600941778 /* DribbbleShowTests */,
			);
		};
/* End PBXProject section */

/* Begin PBXResourcesBuildPhase section */
		6AB1769C1D7071F500941778 /* Resources */ = {
			isa = PBXResourcesBuildPhase;
			buildActionMask = 2147483647;
			files = (
				6AB176C61D70743700941778 /* ShotCollectionViewCell.xib in Resources */,
				6AB176AC1D7071F500941778 /* LaunchScreen.storyboard in Resources */,
				6AB176A91D7071F500941778 /* Assets.xcassets in Resources */,
				6AB176A71D7071F500941778 /* Main.storyboard in Resources */,
			);
			runOnlyForDeploymentPostprocessing = 0;
		};
		6AB176B01D7071F600941778 /* Resources */ = {
			isa = PBXResourcesBuildPhase;
			buildActionMask = 2147483647;
			files = (
			);
			runOnlyForDeploymentPostprocessing = 0;
		};
/* End PBXResourcesBuildPhase section */

/* Begin PBXShellScriptBuildPhase section */
		1FF47F4FF59B5DE7990CEA07 /* [CP] Check Pods Manifest.lock */ = {
			isa = PBXShellScriptBuildPhase;
			buildActionMask = 2147483647;
			files = (
			);
			inputPaths = (
			);
			name = "[CP] Check Pods Manifest.lock";
			outputPaths = (
			);
			runOnlyForDeploymentPostprocessing = 0;
			shellPath = /bin/sh;
			shellScript = "diff \"${PODS_ROOT}/../Podfile.lock\" \"${PODS_ROOT}/Manifest.lock\" > /dev/null\nif [[ $? != 0 ]] ; then\n    cat << EOM\nerror: The sandbox is not in sync with the Podfile.lock. Run 'pod install' or update your CocoaPods installation.\nEOM\n    exit 1\nfi\n";
			showEnvVarsInLog = 0;
		};
		4230129A84A5FC41BDEC1275 /* [CP] Copy Pods Resources */ = {
			isa = PBXShellScriptBuildPhase;
			buildActionMask = 2147483647;
			files = (
			);
			inputPaths = (
			);
			name = "[CP] Copy Pods Resources";
			outputPaths = (
			);
			runOnlyForDeploymentPostprocessing = 0;
			shellPath = /bin/sh;
			shellScript = "\"${SRCROOT}/Pods/Target Support Files/Pods-DribbbleShow/Pods-DribbbleShow-resources.sh\"\n";
			showEnvVarsInLog = 0;
		};
		44ACEBF97EB48393FBEDCC02 /* [CP] Embed Pods Frameworks */ = {
			isa = PBXShellScriptBuildPhase;
			buildActionMask = 2147483647;
			files = (
			);
			inputPaths = (
			);
			name = "[CP] Embed Pods Frameworks";
			outputPaths = (
			);
			runOnlyForDeploymentPostprocessing = 0;
			shellPath = /bin/sh;
			shellScript = "\"${SRCROOT}/Pods/Target Support Files/Pods-DribbbleShowTests/Pods-DribbbleShowTests-frameworks.sh\"\n";
			showEnvVarsInLog = 0;
		};
		523A32F1553837A5949BD0ED /* [CP] Copy Pods Resources */ = {
			isa = PBXShellScriptBuildPhase;
			buildActionMask = 2147483647;
			files = (
			);
			inputPaths = (
			);
			name = "[CP] Copy Pods Resources";
			outputPaths = (
			);
			runOnlyForDeploymentPostprocessing = 0;
			shellPath = /bin/sh;
			shellScript = "\"${SRCROOT}/Pods/Target Support Files/Pods-DribbbleShowTests/Pods-DribbbleShowTests-resources.sh\"\n";
			showEnvVarsInLog = 0;
		};
		72640E7F68F005972F32C39E /* [CP] Check Pods Manifest.lock */ = {
			isa = PBXShellScriptBuildPhase;
			buildActionMask = 2147483647;
			files = (
			);
			inputPaths = (
			);
			name = "[CP] Check Pods Manifest.lock";
			outputPaths = (
			);
			runOnlyForDeploymentPostprocessing = 0;
			shellPath = /bin/sh;
			shellScript = "diff \"${PODS_ROOT}/../Podfile.lock\" \"${PODS_ROOT}/Manifest.lock\" > /dev/null\nif [[ $? != 0 ]] ; then\n    cat << EOM\nerror: The sandbox is not in sync with the Podfile.lock. Run 'pod install' or update your CocoaPods installation.\nEOM\n    exit 1\nfi\n";
			showEnvVarsInLog = 0;
		};
		EBF77B90F0E1833DC2D6D95B /* [CP] Embed Pods Frameworks */ = {
			isa = PBXShellScriptBuildPhase;
			buildActionMask = 2147483647;
			files = (
			);
			inputPaths = (
			);
			name = "[CP] Embed Pods Frameworks";
			outputPaths = (
			);
			runOnlyForDeploymentPostprocessing = 0;
			shellPath = /bin/sh;
			shellScript = "\"${SRCROOT}/Pods/Target Support Files/Pods-DribbbleShow/Pods-DribbbleShow-frameworks.sh\"\n";
			showEnvVarsInLog = 0;
		};
/* End PBXShellScriptBuildPhase section */

/* Begin PBXSourcesBuildPhase section */
		6AB1769A1D7071F500941778 /* Sources */ = {
			isa = PBXSourcesBuildPhase;
			buildActionMask = 2147483647;
			files = (
				6AB176C51D70743700941778 /* ShotCollectionViewCell.swift in Sources */,
				6AB176A41D7071F500941778 /* ViewController.swift in Sources */,
				6AB176A21D7071F500941778 /* AppDelegate.swift in Sources */,
				6AB176C21D7072A100941778 /* ShotsCollectionViewController.swift in Sources */,
			);
			runOnlyForDeploymentPostprocessing = 0;
		};
		6AB176AE1D7071F600941778 /* Sources */ = {
			isa = PBXSourcesBuildPhase;
			buildActionMask = 2147483647;
			files = (
				6AB176B71D7071F600941778 /* DribbbleShowTests.swift in Sources */,
			);
			runOnlyForDeploymentPostprocessing = 0;
		};
/* End PBXSourcesBuildPhase section */

/* Begin PBXTargetDependency section */
		6AB176B41D7071F600941778 /* PBXTargetDependency */ = {
			isa = PBXTargetDependency;
			target = 6AB1769D1D7071F500941778 /* DribbbleShow */;
			targetProxy = 6AB176B31D7071F600941778 /* PBXContainerItemProxy */;
		};
/* End PBXTargetDependency section */

/* Begin PBXVariantGroup section */
		6AB176A51D7071F500941778 /* Main.storyboard */ = {
			isa = PBXVariantGroup;
			children = (
				6AB176A61D7071F500941778 /* Base */,
			);
			name = Main.storyboard;
			sourceTree = "<group>";
		};
		6AB176AA1D7071F500941778 /* LaunchScreen.storyboard */ = {
			isa = PBXVariantGroup;
			children = (
				6AB176AB1D7071F500941778 /* Base */,
			);
			name = LaunchScreen.storyboard;
			sourceTree = "<group>";
		};
/* End PBXVariantGroup section */

/* Begin XCBuildConfiguration section */
		6AB176B91D7071F600941778 /* Debug */ = {
			isa = XCBuildConfiguration;
			buildSettings = {
				ALWAYS_SEARCH_USER_PATHS = NO;
				CLANG_ANALYZER_NONNULL = YES;
				CLANG_CXX_LANGUAGE_STANDARD = "gnu++0x";
				CLANG_CXX_LIBRARY = "libc++";
				CLANG_ENABLE_MODULES = YES;
				CLANG_ENABLE_OBJC_ARC = YES;
				CLANG_WARN_BOOL_CONVERSION = YES;
				CLANG_WARN_CONSTANT_CONVERSION = YES;
				CLANG_WARN_DIRECT_OBJC_ISA_USAGE = YES_ERROR;
				CLANG_WARN_EMPTY_BODY = YES;
				CLANG_WARN_ENUM_CONVERSION = YES;
				CLANG_WARN_INT_CONVERSION = YES;
				CLANG_WARN_OBJC_ROOT_CLASS = YES_ERROR;
				CLANG_WARN_UNREACHABLE_CODE = YES;
				CLANG_WARN__DUPLICATE_METHOD_MATCH = YES;
				"CODE_SIGN_IDENTITY[sdk=iphoneos*]" = "iPhone Developer";
				COPY_PHASE_STRIP = NO;
				DEBUG_INFORMATION_FORMAT = dwarf;
				ENABLE_STRICT_OBJC_MSGSEND = YES;
				ENABLE_TESTABILITY = YES;
				GCC_C_LANGUAGE_STANDARD = gnu99;
				GCC_DYNAMIC_NO_PIC = NO;
				GCC_NO_COMMON_BLOCKS = YES;
				GCC_OPTIMIZATION_LEVEL = 0;
				GCC_PREPROCESSOR_DEFINITIONS = (
					"DEBUG=1",
					"$(inherited)",
				);
				GCC_WARN_64_TO_32_BIT_CONVERSION = YES;
				GCC_WARN_ABOUT_RETURN_TYPE = YES_ERROR;
				GCC_WARN_UNDECLARED_SELECTOR = YES;
				GCC_WARN_UNINITIALIZED_AUTOS = YES_AGGRESSIVE;
				GCC_WARN_UNUSED_FUNCTION = YES;
				GCC_WARN_UNUSED_VARIABLE = YES;
				IPHONEOS_DEPLOYMENT_TARGET = 9.3;
				MTL_ENABLE_DEBUG_INFO = YES;
				ONLY_ACTIVE_ARCH = YES;
				SDKROOT = iphoneos;
				SWIFT_OPTIMIZATION_LEVEL = "-Onone";
				TARGETED_DEVICE_FAMILY = "1,2";
			};
			name = Debug;
		};
		6AB176BA1D7071F600941778 /* Release */ = {
			isa = XCBuildConfiguration;
			buildSettings = {
				ALWAYS_SEARCH_USER_PATHS = NO;
				CLANG_ANALYZER_NONNULL = YES;
				CLANG_CXX_LANGUAGE_STANDARD = "gnu++0x";
				CLANG_CXX_LIBRARY = "libc++";
				CLANG_ENABLE_MODULES = YES;
				CLANG_ENABLE_OBJC_ARC = YES;
				CLANG_WARN_BOOL_CONVERSION = YES;
				CLANG_WARN_CONSTANT_CONVERSION = YES;
				CLANG_WARN_DIRECT_OBJC_ISA_USAGE = YES_ERROR;
				CLANG_WARN_EMPTY_BODY = YES;
				CLANG_WARN_ENUM_CONVERSION = YES;
				CLANG_WARN_INT_CONVERSION = YES;
				CLANG_WARN_OBJC_ROOT_CLASS = YES_ERROR;
				CLANG_WARN_UNREACHABLE_CODE = YES;
				CLANG_WARN__DUPLICATE_METHOD_MATCH = YES;
				"CODE_SIGN_IDENTITY[sdk=iphoneos*]" = "iPhone Developer";
				COPY_PHASE_STRIP = NO;
				DEBUG_INFORMATION_FORMAT = "dwarf-with-dsym";
				ENABLE_NS_ASSERTIONS = NO;
				ENABLE_STRICT_OBJC_MSGSEND = YES;
				GCC_C_LANGUAGE_STANDARD = gnu99;
				GCC_NO_COMMON_BLOCKS = YES;
				GCC_WARN_64_TO_32_BIT_CONVERSION = YES;
				GCC_WARN_ABOUT_RETURN_TYPE = YES_ERROR;
				GCC_WARN_UNDECLARED_SELECTOR = YES;
				GCC_WARN_UNINITIALIZED_AUTOS = YES_AGGRESSIVE;
				GCC_WARN_UNUSED_FUNCTION = YES;
				GCC_WARN_UNUSED_VARIABLE = YES;
				IPHONEOS_DEPLOYMENT_TARGET = 9.3;
				MTL_ENABLE_DEBUG_INFO = NO;
				SDKROOT = iphoneos;
				TARGETED_DEVICE_FAMILY = "1,2";
				VALIDATE_PRODUCT = YES;
			};
			name = Release;
		};
		6AB176BC1D7071F600941778 /* Debug */ = {
			isa = XCBuildConfiguration;
			baseConfigurationReference = 2E17CA6B30524D052FDB8203 /* Pods-DribbbleShow.debug.xcconfig */;
			buildSettings = {
				ASSETCATALOG_COMPILER_APPICON_NAME = AppIcon;
				INFOPLIST_FILE = DribbbleShow/Info.plist;
				LD_RUNPATH_SEARCH_PATHS = "$(inherited) @executable_path/Frameworks";
				PRODUCT_BUNDLE_IDENTIFIER = com.n3tr.DribbbleShow;
				PRODUCT_NAME = "$(TARGET_NAME)";
			};
			name = Debug;
		};
		6AB176BD1D7071F600941778 /* Release */ = {
			isa = XCBuildConfiguration;
			baseConfigurationReference = D99A5542D69FA2605A133482 /* Pods-DribbbleShow.release.xcconfig */;
			buildSettings = {
				ASSETCATALOG_COMPILER_APPICON_NAME = AppIcon;
				INFOPLIST_FILE = DribbbleShow/Info.plist;
				LD_RUNPATH_SEARCH_PATHS = "$(inherited) @executable_path/Frameworks";
				PRODUCT_BUNDLE_IDENTIFIER = com.n3tr.DribbbleShow;
				PRODUCT_NAME = "$(TARGET_NAME)";
			};
			name = Release;
		};
		6AB176BF1D7071F600941778 /* Debug */ = {
			isa = XCBuildConfiguration;
			baseConfigurationReference = 9FDCB935DB73D82C90EEDC33 /* Pods-DribbbleShowTests.debug.xcconfig */;
			buildSettings = {
				BUNDLE_LOADER = "$(TEST_HOST)";
				INFOPLIST_FILE = DribbbleShowTests/Info.plist;
				LD_RUNPATH_SEARCH_PATHS = "$(inherited) @executable_path/Frameworks @loader_path/Frameworks";
				PRODUCT_BUNDLE_IDENTIFIER = com.n3tr.DribbbleShowTests;
				PRODUCT_NAME = "$(TARGET_NAME)";
				TEST_HOST = "$(BUILT_PRODUCTS_DIR)/DribbbleShow.app/DribbbleShow";
			};
			name = Debug;
		};
		6AB176C01D7071F600941778 /* Release */ = {
			isa = XCBuildConfiguration;
			baseConfigurationReference = 19FBDAA2F4FCEC35C158994C /* Pods-DribbbleShowTests.release.xcconfig */;
			buildSettings = {
				BUNDLE_LOADER = "$(TEST_HOST)";
				INFOPLIST_FILE = DribbbleShowTests/Info.plist;
				LD_RUNPATH_SEARCH_PATHS = "$(inherited) @executable_path/Frameworks @loader_path/Frameworks";
				PRODUCT_BUNDLE_IDENTIFIER = com.n3tr.DribbbleShowTests;
				PRODUCT_NAME = "$(TARGET_NAME)";
				TEST_HOST = "$(BUILT_PRODUCTS_DIR)/DribbbleShow.app/DribbbleShow";
			};
			name = Release;
		};
/* End XCBuildConfiguration section */

/* Begin XCConfigurationList section */
		6AB176991D7071F500941778 /* Build configuration list for PBXProject "DribbbleShow" */ = {
			isa = XCConfigurationList;
			buildConfigurations = (
				6AB176B91D7071F600941778 /* Debug */,
				6AB176BA1D7071F600941778 /* Release */,
			);
			defaultConfigurationIsVisible = 0;
			defaultConfigurationName = Release;
		};
		6AB176BB1D7071F600941778 /* Build configuration list for PBXNativeTarget "DribbbleShow" */ = {
			isa = XCConfigurationList;
			buildConfigurations = (
				6AB176BC1D7071F600941778 /* Debug */,
				6AB176BD1D7071F600941778 /* Release */,
			);
			defaultConfigurationIsVisible = 0;
			defaultConfigurationName = Release;
		};
		6AB176BE1D7071F600941778 /* Build configuration list for PBXNativeTarget "DribbbleShowTests" */ = {
			isa = XCConfigurationList;
			buildConfigurations = (
				6AB176BF1D7071F600941778 /* Debug */,
				6AB176C01D7071F600941778 /* Release */,
			);
			defaultConfigurationIsVisible = 0;
			defaultConfigurationName = Release;
		};
/* End XCConfigurationList section */
	};
	rootObject = 6AB176961D7071F500941778 /* Project object */;
}
